
Microsoft Visual Studio Solution File, Format Version 12.00
# Visual Studio 2015
Project("{FAE04EC0-301F-11D3-BF4B-00C04F79EFBC}") = "Unity RPG Project", "Unity RPG Project.csproj", "{FDA518E9-DD56-82DC-4F33-EBF672792D9C}"
EndProject
Project("{FAE04EC0-301F-11D3-BF4B-00C04F79EFBC}") = "Unity RPG Project.Editor", "Unity RPG Project.Editor.csproj", "{569848C8-2379-7577-2D66-059408AE3745}"
EndProject
Global
	GlobalSection(SolutionConfigurationPlatforms) = preSolution
		Debug|Any CPU = Debug|Any CPU
		Release|Any CPU = Release|Any CPU
	EndGlobalSection
	GlobalSection(ProjectConfigurationPlatforms) = postSolution
		{FDA518E9-DD56-82DC-4F33-EBF672792D9C}.Debug|Any CPU.ActiveCfg = Debug|Any CPU
		{FDA518E9-DD56-82DC-4F33-EBF672792D9C}.Debug|Any CPU.Build.0 = Debug|Any CPU
		{FDA518E9-DD56-82DC-4F33-EBF672792D9C}.Release|Any CPU.ActiveCfg = Release|Any CPU
		{FDA518E9-DD56-82DC-4F33-EBF672792D9C}.Release|Any CPU.Build.0 = Release|Any CPU
		{569848C8-2379-7577-2D66-059408AE3745}.Debug|Any CPU.ActiveCfg = Debug|Any CPU
		{569848C8-2379-7577-2D66-059408AE3745}.Debug|Any CPU.Build.0 = Debug|Any CPU
		{569848C8-2379-7577-2D66-059408AE3745}.Release|Any CPU.ActiveCfg = Release|Any CPU
		{569848C8-2379-7577-2D66-059408AE3745}.Release|Any CPU.Build.0 = Release|Any CPU
	EndGlobalSection
	GlobalSection(SolutionProperties) = preSolution
		HideSolutionNode = FALSE
	EndGlobalSection
EndGlobal
